
Microsoft Visual Studio Solution File, Format Version 12.00
# Visual Studio Version 16
VisualStudioVersion = 16.0.36128.20
MinimumVisualStudioVersion = 10.0.40219.1
Project("{FAE04EC0-301F-11D3-BF4B-00C04F79EFBC}") = "unt-bingoo", "unt-bingoo\unt-bingoo.csproj", "{DF6A9013-E4D0-4D4F-8E14-958330659330}"
EndProject
Global
	GlobalSection(SolutionConfigurationPlatforms) = preSolution
		Debug|Any CPU = Debug|Any CPU
		Release|Any CPU = Release|Any CPU
	EndGlobalSection
	GlobalSection(ProjectConfigurationPlatforms) = postSolution
		{DF6A9013-E4D0-4D4F-8E14-958330659330}.Debug|Any CPU.ActiveCfg = Debug|Any CPU
		{DF6A9013-E4D0-4D4F-8E14-958330659330}.Debug|Any CPU.Build.0 = Debug|Any CPU
		{DF6A9013-E4D0-4D4F-8E14-958330659330}.Release|Any CPU.ActiveCfg = Release|Any CPU
		{DF6A9013-E4D0-4D4F-8E14-958330659330}.Release|Any CPU.Build.0 = Release|Any CPU
	EndGlobalSection
	GlobalSection(SolutionProperties) = preSolution
		HideSolutionNode = FALSE
	EndGlobalSection
	GlobalSection(ExtensibilityGlobals) = postSolution
		SolutionGuid = {391D4CA0-F8F0-4E75-B79E-6AD0DE54C282}
	EndGlobalSection
EndGlobal
